
Microsoft Visual Studio Solution File, Format Version 12.00
# Visual Studio Version 16
VisualStudioVersion = 16.0.29519.181
MinimumVisualStudioVersion = 10.0.40219.1
Project("{FAE04EC0-301F-11D3-BF4B-00C04F79EFBC}") = "WPF.EventCalendar", "WPF.EventCalendar\WPF.EventCalendar.csproj", "{40F4325F-1FBA-4ADC-B6DF-36949403F998}"
EndProject
Project("{FAE04EC0-301F-11D3-BF4B-00C04F79EFBC}") = "WPF.EventCalendar.Example", "WPF.EventCalendar.Example\WPF.EventCalendar.Example.csproj", "{A657BE59-56A8-4773-BBB1-400E88F80D08}"
EndProject
Global
	GlobalSection(SolutionConfigurationPlatforms) = preSolution
		Debug|Any CPU = Debug|Any CPU
		Release|Any CPU = Release|Any CPU
	EndGlobalSection
	GlobalSection(ProjectConfigurationPlatforms) = postSolution
		{40F4325F-1FBA-4ADC-B6DF-36949403F998}.Debug|Any CPU.ActiveCfg = Debug|Any CPU
		{40F4325F-1FBA-4ADC-B6DF-36949403F998}.Debug|Any CPU.Build.0 = Debug|Any CPU
		{40F4325F-1FBA-4ADC-B6DF-36949403F998}.Release|Any CPU.ActiveCfg = Release|Any CPU
		{40F4325F-1FBA-4ADC-B6DF-36949403F998}.Release|Any CPU.Build.0 = Release|Any CPU
		{A657BE59-56A8-4773-BBB1-400E88F80D08}.Debug|Any CPU.ActiveCfg = Debug|Any CPU
		{A657BE59-56A8-4773-BBB1-400E88F80D08}.Debug|Any CPU.Build.0 = Debug|Any CPU
		{A657BE59-56A8-4773-BBB1-400E88F80D08}.Release|Any CPU.ActiveCfg = Release|Any CPU
		{A657BE59-56A8-4773-BBB1-400E88F80D08}.Release|Any CPU.Build.0 = Release|Any CPU
	EndGlobalSection
	GlobalSection(SolutionProperties) = preSolution
		HideSolutionNode = FALSE
	EndGlobalSection
	GlobalSection(ExtensibilityGlobals) = postSolution
		SolutionGuid = {0B17CBCA-6C3A-470D-A755-36149D8157E9}
	EndGlobalSection
EndGlobal
